github.com/defektive/go-dbus-keyring v0.0.0-20230720125223-e70b0c2c1691 h1:/KX8/PBie/swmyxiGnd1H5t2qHA7Y1Yih/b7oBeFMpw=
github.com/defektive/go-dbus-keyring v0.0.0-20230720125223-e70b0c2c1691/go.mod h1:JEmkRwBVPBFkOHedAsoZALWmhNJxR/R/ykkFpbEHtGE=
github.com/godbus/dbus/v5 v5.0.3/go.mod h1:xhWf0FNVPg57R7Z0UbKHbJfkEywrmjJnf7w5xrFpKfA=
github.com/godbus/dbus/v5 v5.1.0 h1:4KLkAxT3aOY8Li4FRJe/KvhoNFFxo0m6fNuFUO8QJUk=
github.com/godbus/dbus/v5 v5.1.0/go.mod h1:xhWf0FNVPg57R7Z0UbKHbJfkEywrmjJnf7w5xrFpKfA=
